uuid: 91a7cd27-d1d1-4b83-a17d-ea7a03ab0336
langcode: en
status: true
dependencies:
  config:
    - views.view.who_s_online
  module:
    - user
    - views
  theme:
    - pellucid_monoset
id: views_block__who_s_online_who_s_online_block
theme: pellucid_monoset
region: front_eight
weight: 0
provider: null
plugin: 'views_block:who_s_online-who_s_online_block'
settings:
  id: 'views_block:who_s_online-who_s_online_block'
  label: ''
  provider: views
  label_display: visible
  views_label: ''
  items_per_page: none
visibility:
  user_role:
    id: user_role
    roles:
      authenticated: authenticated
    negate: false
    context_mapping:
      user: '@user.current_user_context:current_user'
